
Microsoft Visual Studio Solution File, Format Version 12.00
# Visual Studio Version 16
VisualStudioVersion = 16.0.29424.173
MinimumVisualStudioVersion = 10.0.40219.1
Project("{FAE04EC0-301F-11D3-BF4B-00C04F79EFBC}") = "GiphyWorld", "GiphyWorld.csproj", "{40FC1544-47D6-4C92-9C15-45B8E4F54CB2}"
EndProject
Global
	GlobalSection(SolutionConfigurationPlatforms) = preSolution
		Debug|Any CPU = Debug|Any CPU
		Release|Any CPU = Release|Any CPU
	EndGlobalSection
	GlobalSection(ProjectConfigurationPlatforms) = postSolution
		{40FC1544-47D6-4C92-9C15-45B8E4F54CB2}.Debug|Any CPU.ActiveCfg = Debug|Any CPU
		{40FC1544-47D6-4C92-9C15-45B8E4F54CB2}.Debug|Any CPU.Build.0 = Debug|Any CPU
		{40FC1544-47D6-4C92-9C15-45B8E4F54CB2}.Release|Any CPU.ActiveCfg = Release|Any CPU
		{40FC1544-47D6-4C92-9C15-45B8E4F54CB2}.Release|Any CPU.Build.0 = Release|Any CPU
	EndGlobalSection
	GlobalSection(SolutionProperties) = preSolution
		HideSolutionNode = FALSE
	EndGlobalSection
	GlobalSection(ExtensibilityGlobals) = postSolution
		SolutionGuid = {B5AA33EE-22C7-4E50-BD41-D392CF9E6704}
	EndGlobalSection
EndGlobal
